
Microsoft Visual Studio Solution File, Format Version 12.00
# Visual Studio Version 17
VisualStudioVersion = 17.14.36203.30 d17.14
MinimumVisualStudioVersion = 10.0.40219.1
Project("{FAE04EC0-301F-11D3-BF4B-00C04F79EFBC}") = "GradePTIT", "GradePTIT.csproj", "{7DC5A542-6D53-42D9-807D-749BE097E383}"
EndProject
Global
	GlobalSection(SolutionConfigurationPlatforms) = preSolution
		Debug|Any CPU = Debug|Any CPU
		Release|Any CPU = Release|Any CPU
	EndGlobalSection
	GlobalSection(ProjectConfigurationPlatforms) = postSolution
		{7DC5A542-6D53-42D9-807D-749BE097E383}.Debug|Any CPU.ActiveCfg = Debug|Any CPU
		{7DC5A542-6D53-42D9-807D-749BE097E383}.Debug|Any CPU.Build.0 = Debug|Any CPU
		{7DC5A542-6D53-42D9-807D-749BE097E383}.Release|Any CPU.ActiveCfg = Release|Any CPU
		{7DC5A542-6D53-42D9-807D-749BE097E383}.Release|Any CPU.Build.0 = Release|Any CPU
	EndGlobalSection
	GlobalSection(SolutionProperties) = preSolution
		HideSolutionNode = FALSE
	EndGlobalSection
	GlobalSection(ExtensibilityGlobals) = postSolution
		SolutionGuid = {8AD75CE4-094A-410D-9A94-5A8B79953E2C}
	EndGlobalSection
EndGlobal
